
Microsoft Visual Studio Solution File, Format Version 12.00
# Visual Studio Version 17
VisualStudioVersion = 17.8.34511.84
MinimumVisualStudioVersion = 10.0.40219.1
Project("{FAE04EC0-301F-11D3-BF4B-00C04F79EFBC}") = "FamilyCompactor", "FamilyCompactor\FamilyCompactor.csproj", "{571122B7-2BC7-41C7-93CE-61344E79E9AB}"
EndProject
Project("{FAE04EC0-301F-11D3-BF4B-00C04F79EFBC}") = "FamilyCompactor.Installer", "FamilyCompactor.Installer\FamilyCompactor.Installer.csproj", "{AA5D526B-42C7-4415-8F01-27F8BFE61906}"
EndProject
Global
	GlobalSection(SolutionConfigurationPlatforms) = preSolution
		Debug|Any CPU = Debug|Any CPU
		Debug2019|Any CPU = Debug2019|Any CPU
		Debug2020|Any CPU = Debug2020|Any CPU
		Debug2021|Any CPU = Debug2021|Any CPU
		Debug2022|Any CPU = Debug2022|Any CPU
		Debug2023|Any CPU = Debug2023|Any CPU
		Debug2024|Any CPU = Debug2024|Any CPU
		Debug2025|Any CPU = Debug2025|Any CPU
		Release|Any CPU = Release|Any CPU
		Release2019|Any CPU = Release2019|Any CPU
		Release2020|Any CPU = Release2020|Any CPU
		Release2021|Any CPU = Release2021|Any CPU
		Release2022|Any CPU = Release2022|Any CPU
		Release2023|Any CPU = Release2023|Any CPU
		Release2024|Any CPU = Release2024|Any CPU
		Release2025|Any CPU = Release2025|Any CPU
	EndGlobalSection
	GlobalSection(ProjectConfigurationPlatforms) = postSolution
		{571122B7-2BC7-41C7-93CE-61344E79E9AB}.Debug|Any CPU.ActiveCfg = Debug2021|Any CPU
		{571122B7-2BC7-41C7-93CE-61344E79E9AB}.Debug|Any CPU.Build.0 = Debug2021|Any CPU
		{571122B7-2BC7-41C7-93CE-61344E79E9AB}.Debug2019|Any CPU.ActiveCfg = Debug2019|Any CPU
		{571122B7-2BC7-41C7-93CE-61344E79E9AB}.Debug2019|Any CPU.Build.0 = Debug2019|Any CPU
		{571122B7-2BC7-41C7-93CE-61344E79E9AB}.Debug2020|Any CPU.ActiveCfg = Debug2020|Any CPU
		{571122B7-2BC7-41C7-93CE-61344E79E9AB}.Debug2020|Any CPU.Build.0 = Debug2020|Any CPU
		{571122B7-2BC7-41C7-93CE-61344E79E9AB}.Debug2021|Any CPU.ActiveCfg = Debug2021|Any CPU
		{571122B7-2BC7-41C7-93CE-61344E79E9AB}.Debug2021|Any CPU.Build.0 = Debug2021|Any CPU
		{571122B7-2BC7-41C7-93CE-61344E79E9AB}.Debug2022|Any CPU.ActiveCfg = Debug2022|Any CPU
		{571122B7-2BC7-41C7-93CE-61344E79E9AB}.Debug2022|Any CPU.Build.0 = Debug2022|Any CPU
		{571122B7-2BC7-41C7-93CE-61344E79E9AB}.Debug2023|Any CPU.ActiveCfg = Debug2023|Any CPU
		{571122B7-2BC7-41C7-93CE-61344E79E9AB}.Debug2023|Any CPU.Build.0 = Debug2023|Any CPU
		{571122B7-2BC7-41C7-93CE-61344E79E9AB}.Debug2024|Any CPU.ActiveCfg = Debug2024|Any CPU
		{571122B7-2BC7-41C7-93CE-61344E79E9AB}.Debug2024|Any CPU.Build.0 = Debug2024|Any CPU
		{571122B7-2BC7-41C7-93CE-61344E79E9AB}.Debug2025|Any CPU.ActiveCfg = Debug2025|Any CPU
		{571122B7-2BC7-41C7-93CE-61344E79E9AB}.Debug2025|Any CPU.Build.0 = Debug2025|Any CPU
		{571122B7-2BC7-41C7-93CE-61344E79E9AB}.Release|Any CPU.ActiveCfg = Release2021|Any CPU
		{571122B7-2BC7-41C7-93CE-61344E79E9AB}.Release|Any CPU.Build.0 = Release2021|Any CPU
		{571122B7-2BC7-41C7-93CE-61344E79E9AB}.Release2019|Any CPU.ActiveCfg = Release2019|Any CPU
		{571122B7-2BC7-41C7-93CE-61344E79E9AB}.Release2019|Any CPU.Build.0 = Release2019|Any CPU
		{571122B7-2BC7-41C7-93CE-61344E79E9AB}.Release2020|Any CPU.ActiveCfg = Release2020|Any CPU
		{571122B7-2BC7-41C7-93CE-61344E79E9AB}.Release2020|Any CPU.Build.0 = Release2020|Any CPU
		{571122B7-2BC7-41C7-93CE-61344E79E9AB}.Release2021|Any CPU.ActiveCfg = Release2021|Any CPU
		{571122B7-2BC7-41C7-93CE-61344E79E9AB}.Release2021|Any CPU.Build.0 = Release2021|Any CPU
		{571122B7-2BC7-41C7-93CE-61344E79E9AB}.Release2022|Any CPU.ActiveCfg = Release2022|Any CPU
		{571122B7-2BC7-41C7-93CE-61344E79E9AB}.Release2022|Any CPU.Build.0 = Release2022|Any CPU
		{571122B7-2BC7-41C7-93CE-61344E79E9AB}.Release2023|Any CPU.ActiveCfg = Release2023|Any CPU
		{571122B7-2BC7-41C7-93CE-61344E79E9AB}.Release2023|Any CPU.Build.0 = Release2023|Any CPU
		{571122B7-2BC7-41C7-93CE-61344E79E9AB}.Release2024|Any CPU.ActiveCfg = Release2024|Any CPU
		{571122B7-2BC7-41C7-93CE-61344E79E9AB}.Release2024|Any CPU.Build.0 = Release2024|Any CPU
		{571122B7-2BC7-41C7-93CE-61344E79E9AB}.Release2025|Any CPU.ActiveCfg = Release2025|Any CPU
		{571122B7-2BC7-41C7-93CE-61344E79E9AB}.Release2025|Any CPU.Build.0 = Release2025|Any CPU
		{AA5D526B-42C7-4415-8F01-27F8BFE61906}.Debug|Any CPU.ActiveCfg = Debug|Any CPU
		{AA5D526B-42C7-4415-8F01-27F8BFE61906}.Debug|Any CPU.Build.0 = Debug|Any CPU
		{AA5D526B-42C7-4415-8F01-27F8BFE61906}.Debug2019|Any CPU.ActiveCfg = Debug|Any CPU
		{AA5D526B-42C7-4415-8F01-27F8BFE61906}.Debug2019|Any CPU.Build.0 = Debug|Any CPU
		{AA5D526B-42C7-4415-8F01-27F8BFE61906}.Debug2020|Any CPU.ActiveCfg = Debug|Any CPU
		{AA5D526B-42C7-4415-8F01-27F8BFE61906}.Debug2020|Any CPU.Build.0 = Debug|Any CPU
		{AA5D526B-42C7-4415-8F01-27F8BFE61906}.Debug2021|Any CPU.ActiveCfg = Debug|Any CPU
		{AA5D526B-42C7-4415-8F01-27F8BFE61906}.Debug2021|Any CPU.Build.0 = Debug|Any CPU
		{AA5D526B-42C7-4415-8F01-27F8BFE61906}.Debug2022|Any CPU.ActiveCfg = Debug|Any CPU
		{AA5D526B-42C7-4415-8F01-27F8BFE61906}.Debug2022|Any CPU.Build.0 = Debug|Any CPU
		{AA5D526B-42C7-4415-8F01-27F8BFE61906}.Debug2023|Any CPU.ActiveCfg = Debug|Any CPU
		{AA5D526B-42C7-4415-8F01-27F8BFE61906}.Debug2023|Any CPU.Build.0 = Debug|Any CPU
		{AA5D526B-42C7-4415-8F01-27F8BFE61906}.Debug2024|Any CPU.ActiveCfg = Debug|Any CPU
		{AA5D526B-42C7-4415-8F01-27F8BFE61906}.Debug2024|Any CPU.Build.0 = Debug|Any CPU
		{AA5D526B-42C7-4415-8F01-27F8BFE61906}.Debug2025|Any CPU.ActiveCfg = Debug|Any CPU
		{AA5D526B-42C7-4415-8F01-27F8BFE61906}.Debug2025|Any CPU.Build.0 = Debug|Any CPU
		{AA5D526B-42C7-4415-8F01-27F8BFE61906}.Release|Any CPU.ActiveCfg = Release|Any CPU
		{AA5D526B-42C7-4415-8F01-27F8BFE61906}.Release|Any CPU.Build.0 = Release|Any CPU
		{AA5D526B-42C7-4415-8F01-27F8BFE61906}.Release2019|Any CPU.ActiveCfg = Release|Any CPU
		{AA5D526B-42C7-4415-8F01-27F8BFE61906}.Release2019|Any CPU.Build.0 = Release|Any CPU
		{AA5D526B-42C7-4415-8F01-27F8BFE61906}.Release2020|Any CPU.ActiveCfg = Release|Any CPU
		{AA5D526B-42C7-4415-8F01-27F8BFE61906}.Release2020|Any CPU.Build.0 = Release|Any CPU
		{AA5D526B-42C7-4415-8F01-27F8BFE61906}.Release2021|Any CPU.ActiveCfg = Release|Any CPU
		{AA5D526B-42C7-4415-8F01-27F8BFE61906}.Release2021|Any CPU.Build.0 = Release|Any CPU
		{AA5D526B-42C7-4415-8F01-27F8BFE61906}.Release2022|Any CPU.ActiveCfg = Release|Any CPU
		{AA5D526B-42C7-4415-8F01-27F8BFE61906}.Release2022|Any CPU.Build.0 = Release|Any CPU
		{AA5D526B-42C7-4415-8F01-27F8BFE61906}.Release2023|Any CPU.ActiveCfg = Release|Any CPU
		{AA5D526B-42C7-4415-8F01-27F8BFE61906}.Release2023|Any CPU.Build.0 = Release|Any CPU
		{AA5D526B-42C7-4415-8F01-27F8BFE61906}.Release2024|Any CPU.ActiveCfg = Release|Any CPU
		{AA5D526B-42C7-4415-8F01-27F8BFE61906}.Release2024|Any CPU.Build.0 = Release|Any CPU
		{AA5D526B-42C7-4415-8F01-27F8BFE61906}.Release2025|Any CPU.ActiveCfg = Release|Any CPU
		{AA5D526B-42C7-4415-8F01-27F8BFE61906}.Release2025|Any CPU.Build.0 = Release|Any CPU
	EndGlobalSection
	GlobalSection(SolutionProperties) = preSolution
		HideSolutionNode = FALSE
	EndGlobalSection
	GlobalSection(ExtensibilityGlobals) = postSolution
		SolutionGuid = {F0D7E534-3E30-4962-835A-B923799737D1}
	EndGlobalSection
EndGlobal
